
Microsoft Visual Studio Solution File, Format Version 12.00
# Visual Studio 15
VisualStudioVersion = 15.0.27130.2027
MinimumVisualStudioVersion = 10.0.40219.1
Project("{FAE04EC0-301F-11D3-BF4B-00C04F79EFBC}") = "TrabajoIntegrador", "TrabajoIntegrador\TrabajoIntegrador.csproj", "{A69248A2-0111-4568-8442-73C1B54AAD3D}"
EndProject
Global
	GlobalSection(SolutionConfigurationPlatforms) = preSolution
		Debug|Any CPU = Debug|Any CPU
		Release|Any CPU = Release|Any CPU
	EndGlobalSection
	GlobalSection(ProjectConfigurationPlatforms) = postSolution
		{A69248A2-0111-4568-8442-73C1B54AAD3D}.Debug|Any CPU.ActiveCfg = Debug|Any CPU
		{A69248A2-0111-4568-8442-73C1B54AAD3D}.Debug|Any CPU.Build.0 = Debug|Any CPU
		{A69248A2-0111-4568-8442-73C1B54AAD3D}.Release|Any CPU.ActiveCfg = Release|Any CPU
		{A69248A2-0111-4568-8442-73C1B54AAD3D}.Release|Any CPU.Build.0 = Release|Any CPU
	EndGlobalSection
	GlobalSection(SolutionProperties) = preSolution
		HideSolutionNode = FALSE
	EndGlobalSection
	GlobalSection(ExtensibilityGlobals) = postSolution
		SolutionGuid = {FB6B2F1F-60B4-42F0-A7D0-9F0B849705EA}
	EndGlobalSection
EndGlobal
